
Microsoft Visual Studio Solution File, Format Version 12.00
# Visual Studio Version 17
VisualStudioVersion = 17.3.32929.385
MinimumVisualStudioVersion = 10.0.40219.1
Project("{9A19103F-16F7-4668-BE54-9A1E7A4F7556}") = "WebAPIClient", "WebAPIClient.csproj", "{41127180-F9E7-4161-BEE5-BC561D0480E4}"
EndProject
Project("{9A19103F-16F7-4668-BE54-9A1E7A4F7556}") = "WebAPIClient.Test", "..\WebAPIClient.Test\WebAPIClient.Test.csproj", "{D43AE29A-812D-4F7D-8E4C-A426923366F7}"
	ProjectSection(ProjectDependencies) = postProject
		{41127180-F9E7-4161-BEE5-BC561D0480E4} = {41127180-F9E7-4161-BEE5-BC561D0480E4}
	EndProjectSection
EndProject
Global
	GlobalSection(SolutionConfigurationPlatforms) = preSolution
		Debug|Any CPU = Debug|Any CPU
		Release|Any CPU = Release|Any CPU
	EndGlobalSection
	GlobalSection(ProjectConfigurationPlatforms) = postSolution
		{41127180-F9E7-4161-BEE5-BC561D0480E4}.Debug|Any CPU.ActiveCfg = Debug|Any CPU
		{41127180-F9E7-4161-BEE5-BC561D0480E4}.Debug|Any CPU.Build.0 = Debug|Any CPU
		{41127180-F9E7-4161-BEE5-BC561D0480E4}.Release|Any CPU.ActiveCfg = Release|Any CPU
		{41127180-F9E7-4161-BEE5-BC561D0480E4}.Release|Any CPU.Build.0 = Release|Any CPU
		{D43AE29A-812D-4F7D-8E4C-A426923366F7}.Debug|Any CPU.ActiveCfg = Debug|Any CPU
		{D43AE29A-812D-4F7D-8E4C-A426923366F7}.Debug|Any CPU.Build.0 = Debug|Any CPU
		{D43AE29A-812D-4F7D-8E4C-A426923366F7}.Release|Any CPU.ActiveCfg = Release|Any CPU
		{D43AE29A-812D-4F7D-8E4C-A426923366F7}.Release|Any CPU.Build.0 = Release|Any CPU
	EndGlobalSection
	GlobalSection(SolutionProperties) = preSolution
		HideSolutionNode = FALSE
	EndGlobalSection
	GlobalSection(ExtensibilityGlobals) = postSolution
		SolutionGuid = {A0381D2C-DD51-4101-86C3-8C36DB8A4EAC}
	EndGlobalSection
EndGlobal
